
Microsoft Visual Studio Solution File, Format Version 12.00
# Visual Studio 15
VisualStudioVersion = 15.0.28010.2046
MinimumVisualStudioVersion = 10.0.40219.1
Project("{FAE04EC0-301F-11D3-BF4B-00C04F79EFBC}") = "q1", "q1\q1.csproj", "{3857A33C-1E5F-48A3-8416-BA6841051BFF}"
EndProject
Project("{FAE04EC0-301F-11D3-BF4B-00C04F79EFBC}") = "q2", "q2\q2.csproj", "{06C65364-C470-4ECA-906D-DC86B8EAD32F}"
EndProject
Project("{FAE04EC0-301F-11D3-BF4B-00C04F79EFBC}") = "q3", "q3\q3.csproj", "{1EB8E75E-A46D-4F8D-8C96-1FB4F32D9E0E}"
EndProject
Global
	GlobalSection(SolutionConfigurationPlatforms) = preSolution
		Debug|Any CPU = Debug|Any CPU
		Release|Any CPU = Release|Any CPU
	EndGlobalSection
	GlobalSection(ProjectConfigurationPlatforms) = postSolution
		{3857A33C-1E5F-48A3-8416-BA6841051BFF}.Debug|Any CPU.ActiveCfg = Debug|Any CPU
		{3857A33C-1E5F-48A3-8416-BA6841051BFF}.Debug|Any CPU.Build.0 = Debug|Any CPU
		{3857A33C-1E5F-48A3-8416-BA6841051BFF}.Release|Any CPU.ActiveCfg = Release|Any CPU
		{3857A33C-1E5F-48A3-8416-BA6841051BFF}.Release|Any CPU.Build.0 = Release|Any CPU
		{06C65364-C470-4ECA-906D-DC86B8EAD32F}.Debug|Any CPU.ActiveCfg = Debug|Any CPU
		{06C65364-C470-4ECA-906D-DC86B8EAD32F}.Debug|Any CPU.Build.0 = Debug|Any CPU
		{06C65364-C470-4ECA-906D-DC86B8EAD32F}.Release|Any CPU.ActiveCfg = Release|Any CPU
		{06C65364-C470-4ECA-906D-DC86B8EAD32F}.Release|Any CPU.Build.0 = Release|Any CPU
		{1EB8E75E-A46D-4F8D-8C96-1FB4F32D9E0E}.Debug|Any CPU.ActiveCfg = Debug|Any CPU
		{1EB8E75E-A46D-4F8D-8C96-1FB4F32D9E0E}.Debug|Any CPU.Build.0 = Debug|Any CPU
		{1EB8E75E-A46D-4F8D-8C96-1FB4F32D9E0E}.Release|Any CPU.ActiveCfg = Release|Any CPU
		{1EB8E75E-A46D-4F8D-8C96-1FB4F32D9E0E}.Release|Any CPU.Build.0 = Release|Any CPU
	EndGlobalSection
	GlobalSection(SolutionProperties) = preSolution
		HideSolutionNode = FALSE
	EndGlobalSection
	GlobalSection(ExtensibilityGlobals) = postSolution
		SolutionGuid = {77D0778D-E2ED-4700-A7D1-B159DF926AB4}
	EndGlobalSection
EndGlobal
