
Microsoft Visual Studio Solution File, Format Version 12.00
# Visual Studio 15
VisualStudioVersion = 15.0.28010.2046
MinimumVisualStudioVersion = 10.0.40219.1
Project("{FAE04EC0-301F-11D3-BF4B-00C04F79EFBC}") = "App4", "App4\App4.csproj", "{6FAA5B82-6736-409D-A56F-8ABCB13AC0B6}"
EndProject
Global
	GlobalSection(SolutionConfigurationPlatforms) = preSolution
		Debug|Any CPU = Debug|Any CPU
		Release|Any CPU = Release|Any CPU
	EndGlobalSection
	GlobalSection(ProjectConfigurationPlatforms) = postSolution
		{6FAA5B82-6736-409D-A56F-8ABCB13AC0B6}.Debug|Any CPU.ActiveCfg = Debug|Any CPU
		{6FAA5B82-6736-409D-A56F-8ABCB13AC0B6}.Debug|Any CPU.Build.0 = Debug|Any CPU
		{6FAA5B82-6736-409D-A56F-8ABCB13AC0B6}.Release|Any CPU.ActiveCfg = Release|Any CPU
		{6FAA5B82-6736-409D-A56F-8ABCB13AC0B6}.Release|Any CPU.Build.0 = Release|Any CPU
	EndGlobalSection
	GlobalSection(SolutionProperties) = preSolution
		HideSolutionNode = FALSE
	EndGlobalSection
	GlobalSection(ExtensibilityGlobals) = postSolution
		SolutionGuid = {CEC3B105-5FC4-41F3-8EC7-7F16958B9F5C}
	EndGlobalSection
EndGlobal
