
Microsoft Visual Studio Solution File, Format Version 12.00
# Visual Studio 15
VisualStudioVersion = 15.0.28010.2046
MinimumVisualStudioVersion = 10.0.40219.1
Project("{FAE04EC0-301F-11D3-BF4B-00C04F79EFBC}") = "App2", "App2\App2.csproj", "{ED898E0D-2F51-4FC0-B99D-3750FF1440AF}"
EndProject
Global
	GlobalSection(SolutionConfigurationPlatforms) = preSolution
		Debug|Any CPU = Debug|Any CPU
		Release|Any CPU = Release|Any CPU
	EndGlobalSection
	GlobalSection(ProjectConfigurationPlatforms) = postSolution
		{ED898E0D-2F51-4FC0-B99D-3750FF1440AF}.Debug|Any CPU.ActiveCfg = Debug|Any CPU
		{ED898E0D-2F51-4FC0-B99D-3750FF1440AF}.Debug|Any CPU.Build.0 = Debug|Any CPU
		{ED898E0D-2F51-4FC0-B99D-3750FF1440AF}.Release|Any CPU.ActiveCfg = Release|Any CPU
		{ED898E0D-2F51-4FC0-B99D-3750FF1440AF}.Release|Any CPU.Build.0 = Release|Any CPU
	EndGlobalSection
	GlobalSection(SolutionProperties) = preSolution
		HideSolutionNode = FALSE
	EndGlobalSection
	GlobalSection(ExtensibilityGlobals) = postSolution
		SolutionGuid = {8F1699B5-5490-46F2-94E4-01C2D823992C}
	EndGlobalSection
EndGlobal
