
Microsoft Visual Studio Solution File, Format Version 12.00
# Visual Studio 15
VisualStudioVersion = 15.0.28010.2046
MinimumVisualStudioVersion = 10.0.40219.1
Project("{FAE04EC0-301F-11D3-BF4B-00C04F79EFBC}") = "Extending arrays", "Extending arrays\Extending arrays.csproj", "{EDA5036D-CBE8-423F-8927-A4EC26F5076A}"
EndProject
Global
	GlobalSection(SolutionConfigurationPlatforms) = preSolution
		Debug|Any CPU = Debug|Any CPU
		Release|Any CPU = Release|Any CPU
	EndGlobalSection
	GlobalSection(ProjectConfigurationPlatforms) = postSolution
		{EDA5036D-CBE8-423F-8927-A4EC26F5076A}.Debug|Any CPU.ActiveCfg = Debug|Any CPU
		{EDA5036D-CBE8-423F-8927-A4EC26F5076A}.Debug|Any CPU.Build.0 = Debug|Any CPU
		{EDA5036D-CBE8-423F-8927-A4EC26F5076A}.Release|Any CPU.ActiveCfg = Release|Any CPU
		{EDA5036D-CBE8-423F-8927-A4EC26F5076A}.Release|Any CPU.Build.0 = Release|Any CPU
	EndGlobalSection
	GlobalSection(SolutionProperties) = preSolution
		HideSolutionNode = FALSE
	EndGlobalSection
	GlobalSection(ExtensibilityGlobals) = postSolution
		SolutionGuid = {6AECEC12-6059-4CC3-BD61-045C72D4A1DF}
	EndGlobalSection
EndGlobal
