
Microsoft Visual Studio Solution File, Format Version 12.00
# Visual Studio 15
VisualStudioVersion = 15.0.28010.2046
MinimumVisualStudioVersion = 10.0.40219.1
Project("{FAE04EC0-301F-11D3-BF4B-00C04F79EFBC}") = "App5", "App5\App5.csproj", "{489FC480-577E-4878-9264-CA14E51782BE}"
EndProject
Global
	GlobalSection(SolutionConfigurationPlatforms) = preSolution
		Debug|Any CPU = Debug|Any CPU
		Release|Any CPU = Release|Any CPU
	EndGlobalSection
	GlobalSection(ProjectConfigurationPlatforms) = postSolution
		{489FC480-577E-4878-9264-CA14E51782BE}.Debug|Any CPU.ActiveCfg = Debug|Any CPU
		{489FC480-577E-4878-9264-CA14E51782BE}.Debug|Any CPU.Build.0 = Debug|Any CPU
		{489FC480-577E-4878-9264-CA14E51782BE}.Release|Any CPU.ActiveCfg = Release|Any CPU
		{489FC480-577E-4878-9264-CA14E51782BE}.Release|Any CPU.Build.0 = Release|Any CPU
	EndGlobalSection
	GlobalSection(SolutionProperties) = preSolution
		HideSolutionNode = FALSE
	EndGlobalSection
	GlobalSection(ExtensibilityGlobals) = postSolution
		SolutionGuid = {3DBD20F3-678E-4B0B-9DD5-F87690543317}
	EndGlobalSection
EndGlobal
